
Microsoft Visual Studio Solution File, Format Version 12.00
# Visual Studio Version 17
VisualStudioVersion = 17.8.34525.116
MinimumVisualStudioVersion = 10.0.40219.1
Project("{8BC9CEB8-8B4A-11D0-8D11-00A0C91BC942}") = "PracticalPractice", "PracticalPractice\PracticalPractice.vcxproj", "{60875293-B0AB-4F4B-9392-0E23A0ED74AC}"
EndProject
Global
	GlobalSection(SolutionConfigurationPlatforms) = preSolution
		Debug|x64 = Debug|x64
		Debug|x86 = Debug|x86
		Release|x64 = Release|x64
		Release|x86 = Release|x86
	EndGlobalSection
	GlobalSection(ProjectConfigurationPlatforms) = postSolution
		{60875293-B0AB-4F4B-9392-0E23A0ED74AC}.Debug|x64.ActiveCfg = Debug|x64
		{60875293-B0AB-4F4B-9392-0E23A0ED74AC}.Debug|x64.Build.0 = Debug|x64
		{60875293-B0AB-4F4B-9392-0E23A0ED74AC}.Debug|x86.ActiveCfg = Debug|Win32
		{60875293-B0AB-4F4B-9392-0E23A0ED74AC}.Debug|x86.Build.0 = Debug|Win32
		{60875293-B0AB-4F4B-9392-0E23A0ED74AC}.Release|x64.ActiveCfg = Release|x64
		{60875293-B0AB-4F4B-9392-0E23A0ED74AC}.Release|x64.Build.0 = Release|x64
		{60875293-B0AB-4F4B-9392-0E23A0ED74AC}.Release|x86.ActiveCfg = Release|Win32
		{60875293-B0AB-4F4B-9392-0E23A0ED74AC}.Release|x86.Build.0 = Release|Win32
	EndGlobalSection
	GlobalSection(SolutionProperties) = preSolution
		HideSolutionNode = FALSE
	EndGlobalSection
	GlobalSection(ExtensibilityGlobals) = postSolution
		SolutionGuid = {80AF33A0-9476-4EF9-8F78-348D8937FD9C}
	EndGlobalSection
EndGlobal
